<Solution>
  <Folder Name="/src/">
    <Project Path="src/DynamoDb.Repository/DynamoDb.Repository.csproj" />
    <Project Path="src/Accounts.Domain/Accounts.Domain.csproj" />
    <Project Path="src/Accounts.Application/Accounts.Application.csproj" />
    <Project Path="src/Accounts.Infrastructure/Accounts.Infrastructure.csproj" />
    <Project Path="src/Accounts.Api/Accounts.Api.csproj" />
  </Folder>
  <Folder Name="/tests/">
    <Project Path="tests/DynamoDb.Repository.Tests/DynamoDb.Repository.Tests.csproj" />
  </Folder>
</Solution>
