{
  "version": 2,
  "dependencies": {
    "net10.0": {
      "AWSSDK.DynamoDBv2": {
        "type": "Direct",
        "requested": "[3.7.406.23, )",
        "resolved": "3.7.406.23",
        "contentHash": "GcdKaYup6RMzrvVPXm2o1ABqxAsidaNSm+AjtErxkzsURtG2a7Ok6Rf69ytz19Rj1ezNlyccOvCy/N6mcN92dA==",
        "dependencies": {
          "AWSSDK.Core": "[3.7.402.41, 4.0.0)"
        }
      },
      "AWSSDK.Core": {
        "type": "Transitive",
        "resolved": "3.7.402.41",
        "contentHash": "JFPLQRkfvJXWkBhgCewaKLS8YumCMN6xXjwkk6C2m7ZbjM4OejwJRSDr8UviFczmahJ9x55/2sbkDP6XX9f/Xw=="
      }
    }
  }
}